{
  "requires": true,
  "lockfileVersion": 1,
  "dependencies": {
    "goober": {
      "version": "2.1.12",
      "resolved": "https://registry.npmjs.org/goober/-/goober-2.1.12.tgz",
      "integrity": "sha512-yXHAvO08FU1JgTXX6Zn6sYCUFfB/OJSX8HHjDSgerZHZmFKAb08cykp5LBw5QnmyMcZyPRMqkdyHUSSzge788Q=="
    },
    "react-hot-toast": {
      "version": "2.4.0",
      "resolved": "https://registry.npmjs.org/react-hot-toast/-/react-hot-toast-2.4.0.tgz",
      "integrity": "sha512-qnnVbXropKuwUpriVVosgo8QrB+IaPJCpL8oBI6Ov84uvHZ5QQcTp2qg6ku2wNfgJl6rlQXJIQU5q+5lmPOutA==",
      "requires": {
        "goober": "^2.1.10"
      }
    }
  }
}
